
Microsoft Visual Studio Solution File, Format Version 12.00
# Visual Studio Version 16
VisualStudioVersion = 16.0.30204.135
MinimumVisualStudioVersion = 10.0.40219.1
Project("{FAE04EC0-301F-11D3-BF4B-00C04F79EFBC}") = "Simple 16x16 Pixel Creator", "Simple 16x16 Pixel Creator\Simple 16x16 Pixel Creator.csproj", "{EDCEA68B-3D13-468B-8568-88ED04718844}"
EndProject
Global
	GlobalSection(SolutionConfigurationPlatforms) = preSolution
		Debug|Any CPU = Debug|Any CPU
		Release|Any CPU = Release|Any CPU
	EndGlobalSection
	GlobalSection(ProjectConfigurationPlatforms) = postSolution
		{EDCEA68B-3D13-468B-8568-88ED04718844}.Debug|Any CPU.ActiveCfg = Debug|Any CPU
		{EDCEA68B-3D13-468B-8568-88ED04718844}.Debug|Any CPU.Build.0 = Debug|Any CPU
		{EDCEA68B-3D13-468B-8568-88ED04718844}.Release|Any CPU.ActiveCfg = Release|Any CPU
		{EDCEA68B-3D13-468B-8568-88ED04718844}.Release|Any CPU.Build.0 = Release|Any CPU
	EndGlobalSection
	GlobalSection(SolutionProperties) = preSolution
		HideSolutionNode = FALSE
	EndGlobalSection
	GlobalSection(ExtensibilityGlobals) = postSolution
		SolutionGuid = {223DC665-FE05-45AC-B1C8-497BB522215F}
	EndGlobalSection
EndGlobal
